
Microsoft Visual Studio Solution File, Format Version 12.00
# Visual Studio Version 17
VisualStudioVersion = 17.0.31903.59
MinimumVisualStudioVersion = 10.0.40219.1
Project("{FAE04EC0-301F-11D3-BF4B-00C04F79EFBC}") = "HorsesForCourses.Core", "HorsesForCourses.Core\HorsesForCourses.Core.csproj", "{9640BF7E-5ACA-4728-828C-65FF80997FDF}"
EndProject
Project("{FAE04EC0-301F-11D3-BF4B-00C04F79EFBC}") = "HorsesForCourses.Tests", "HorsesForCourses.Tests\HorsesForCourses.Tests.csproj", "{56562134-2A0E-487D-A1DD-3AC64CCD6314}"
EndProject
Project("{FAE04EC0-301F-11D3-BF4B-00C04F79EFBC}") = "HorsesForCourses.Api", "HorsesForCourses.Api\HorsesForCourses.Api.csproj", "{0C95D52E-F7D8-433E-B4B8-2A9C8E484F7B}"
EndProject
Project("{FAE04EC0-301F-11D3-BF4B-00C04F79EFBC}") = "HorsesForCourses.MVC", "HorsesForCourses.MVC\HorsesForCourses.MVC.csproj", "{B311F186-4D29-4F5A-BC3C-482D3F7A3891}"
EndProject
Project("{FAE04EC0-301F-11D3-BF4B-00C04F79EFBC}") = "HorsesForCourses.Service", "HorsesForCourses.Service\HorsesForCourses.Service.csproj", "{592EBDD1-C228-4E1E-94AC-D7EB30029482}"
EndProject
Global
	GlobalSection(SolutionConfigurationPlatforms) = preSolution
		Debug|Any CPU = Debug|Any CPU
		Debug|x64 = Debug|x64
		Debug|x86 = Debug|x86
		Release|Any CPU = Release|Any CPU
		Release|x64 = Release|x64
		Release|x86 = Release|x86
	EndGlobalSection
	GlobalSection(ProjectConfigurationPlatforms) = postSolution
		{9640BF7E-5ACA-4728-828C-65FF80997FDF}.Debug|Any CPU.ActiveCfg = Debug|Any CPU
		{9640BF7E-5ACA-4728-828C-65FF80997FDF}.Debug|Any CPU.Build.0 = Debug|Any CPU
		{9640BF7E-5ACA-4728-828C-65FF80997FDF}.Debug|x64.ActiveCfg = Debug|Any CPU
		{9640BF7E-5ACA-4728-828C-65FF80997FDF}.Debug|x64.Build.0 = Debug|Any CPU
		{9640BF7E-5ACA-4728-828C-65FF80997FDF}.Debug|x86.ActiveCfg = Debug|Any CPU
		{9640BF7E-5ACA-4728-828C-65FF80997FDF}.Debug|x86.Build.0 = Debug|Any CPU
		{9640BF7E-5ACA-4728-828C-65FF80997FDF}.Release|Any CPU.ActiveCfg = Release|Any CPU
		{9640BF7E-5ACA-4728-828C-65FF80997FDF}.Release|Any CPU.Build.0 = Release|Any CPU
		{9640BF7E-5ACA-4728-828C-65FF80997FDF}.Release|x64.ActiveCfg = Release|Any CPU
		{9640BF7E-5ACA-4728-828C-65FF80997FDF}.Release|x64.Build.0 = Release|Any CPU
		{9640BF7E-5ACA-4728-828C-65FF80997FDF}.Release|x86.ActiveCfg = Release|Any CPU
		{9640BF7E-5ACA-4728-828C-65FF80997FDF}.Release|x86.Build.0 = Release|Any CPU
		{56562134-2A0E-487D-A1DD-3AC64CCD6314}.Debug|Any CPU.ActiveCfg = Debug|Any CPU
		{56562134-2A0E-487D-A1DD-3AC64CCD6314}.Debug|Any CPU.Build.0 = Debug|Any CPU
		{56562134-2A0E-487D-A1DD-3AC64CCD6314}.Debug|x64.ActiveCfg = Debug|Any CPU
		{56562134-2A0E-487D-A1DD-3AC64CCD6314}.Debug|x64.Build.0 = Debug|Any CPU
		{56562134-2A0E-487D-A1DD-3AC64CCD6314}.Debug|x86.ActiveCfg = Debug|Any CPU
		{56562134-2A0E-487D-A1DD-3AC64CCD6314}.Debug|x86.Build.0 = Debug|Any CPU
		{56562134-2A0E-487D-A1DD-3AC64CCD6314}.Release|Any CPU.ActiveCfg = Release|Any CPU
		{56562134-2A0E-487D-A1DD-3AC64CCD6314}.Release|Any CPU.Build.0 = Release|Any CPU
		{56562134-2A0E-487D-A1DD-3AC64CCD6314}.Release|x64.ActiveCfg = Release|Any CPU
		{56562134-2A0E-487D-A1DD-3AC64CCD6314}.Release|x64.Build.0 = Release|Any CPU
		{56562134-2A0E-487D-A1DD-3AC64CCD6314}.Release|x86.ActiveCfg = Release|Any CPU
		{56562134-2A0E-487D-A1DD-3AC64CCD6314}.Release|x86.Build.0 = Release|Any CPU
		{0C95D52E-F7D8-433E-B4B8-2A9C8E484F7B}.Debug|Any CPU.ActiveCfg = Debug|Any CPU
		{0C95D52E-F7D8-433E-B4B8-2A9C8E484F7B}.Debug|Any CPU.Build.0 = Debug|Any CPU
		{0C95D52E-F7D8-433E-B4B8-2A9C8E484F7B}.Debug|x64.ActiveCfg = Debug|Any CPU
		{0C95D52E-F7D8-433E-B4B8-2A9C8E484F7B}.Debug|x64.Build.0 = Debug|Any CPU
		{0C95D52E-F7D8-433E-B4B8-2A9C8E484F7B}.Debug|x86.ActiveCfg = Debug|Any CPU
		{0C95D52E-F7D8-433E-B4B8-2A9C8E484F7B}.Debug|x86.Build.0 = Debug|Any CPU
		{0C95D52E-F7D8-433E-B4B8-2A9C8E484F7B}.Release|Any CPU.ActiveCfg = Release|Any CPU
		{0C95D52E-F7D8-433E-B4B8-2A9C8E484F7B}.Release|Any CPU.Build.0 = Release|Any CPU
		{0C95D52E-F7D8-433E-B4B8-2A9C8E484F7B}.Release|x64.ActiveCfg = Release|Any CPU
		{0C95D52E-F7D8-433E-B4B8-2A9C8E484F7B}.Release|x64.Build.0 = Release|Any CPU
		{0C95D52E-F7D8-433E-B4B8-2A9C8E484F7B}.Release|x86.ActiveCfg = Release|Any CPU
		{0C95D52E-F7D8-433E-B4B8-2A9C8E484F7B}.Release|x86.Build.0 = Release|Any CPU
		{B311F186-4D29-4F5A-BC3C-482D3F7A3891}.Debug|Any CPU.ActiveCfg = Debug|Any CPU
		{B311F186-4D29-4F5A-BC3C-482D3F7A3891}.Debug|Any CPU.Build.0 = Debug|Any CPU
		{B311F186-4D29-4F5A-BC3C-482D3F7A3891}.Debug|x64.ActiveCfg = Debug|Any CPU
		{B311F186-4D29-4F5A-BC3C-482D3F7A3891}.Debug|x64.Build.0 = Debug|Any CPU
		{B311F186-4D29-4F5A-BC3C-482D3F7A3891}.Debug|x86.ActiveCfg = Debug|Any CPU
		{B311F186-4D29-4F5A-BC3C-482D3F7A3891}.Debug|x86.Build.0 = Debug|Any CPU
		{B311F186-4D29-4F5A-BC3C-482D3F7A3891}.Release|Any CPU.ActiveCfg = Release|Any CPU
		{B311F186-4D29-4F5A-BC3C-482D3F7A3891}.Release|Any CPU.Build.0 = Release|Any CPU
		{B311F186-4D29-4F5A-BC3C-482D3F7A3891}.Release|x64.ActiveCfg = Release|Any CPU
		{B311F186-4D29-4F5A-BC3C-482D3F7A3891}.Release|x64.Build.0 = Release|Any CPU
		{B311F186-4D29-4F5A-BC3C-482D3F7A3891}.Release|x86.ActiveCfg = Release|Any CPU
		{B311F186-4D29-4F5A-BC3C-482D3F7A3891}.Release|x86.Build.0 = Release|Any CPU
		{592EBDD1-C228-4E1E-94AC-D7EB30029482}.Debug|Any CPU.ActiveCfg = Debug|Any CPU
		{592EBDD1-C228-4E1E-94AC-D7EB30029482}.Debug|Any CPU.Build.0 = Debug|Any CPU
		{592EBDD1-C228-4E1E-94AC-D7EB30029482}.Debug|x64.ActiveCfg = Debug|Any CPU
		{592EBDD1-C228-4E1E-94AC-D7EB30029482}.Debug|x64.Build.0 = Debug|Any CPU
		{592EBDD1-C228-4E1E-94AC-D7EB30029482}.Debug|x86.ActiveCfg = Debug|Any CPU
		{592EBDD1-C228-4E1E-94AC-D7EB30029482}.Debug|x86.Build.0 = Debug|Any CPU
		{592EBDD1-C228-4E1E-94AC-D7EB30029482}.Release|Any CPU.ActiveCfg = Release|Any CPU
		{592EBDD1-C228-4E1E-94AC-D7EB30029482}.Release|Any CPU.Build.0 = Release|Any CPU
		{592EBDD1-C228-4E1E-94AC-D7EB30029482}.Release|x64.ActiveCfg = Release|Any CPU
		{592EBDD1-C228-4E1E-94AC-D7EB30029482}.Release|x64.Build.0 = Release|Any CPU
		{592EBDD1-C228-4E1E-94AC-D7EB30029482}.Release|x86.ActiveCfg = Release|Any CPU
		{592EBDD1-C228-4E1E-94AC-D7EB30029482}.Release|x86.Build.0 = Release|Any CPU
	EndGlobalSection
	GlobalSection(SolutionProperties) = preSolution
		HideSolutionNode = FALSE
	EndGlobalSection
EndGlobal
